
Microsoft Visual Studio Solution File, Format Version 12.00
# Visual Studio 2017
Project("{FAE04EC0-301F-11D3-BF4B-00C04F79EFBC}") = "UnetMovement", "UnetMovement.csproj", "{348F859C-2741-44DE-D5D9-60B8C7AAC0CD}"
EndProject
Global
	GlobalSection(SolutionConfigurationPlatforms) = preSolution
		Debug|Any CPU = Debug|Any CPU
		Release|Any CPU = Release|Any CPU
	EndGlobalSection
	GlobalSection(ProjectConfigurationPlatforms) = postSolution
		{348F859C-2741-44DE-D5D9-60B8C7AAC0CD}.Debug|Any CPU.ActiveCfg = Debug|Any CPU
		{348F859C-2741-44DE-D5D9-60B8C7AAC0CD}.Debug|Any CPU.Build.0 = Debug|Any CPU
		{348F859C-2741-44DE-D5D9-60B8C7AAC0CD}.Release|Any CPU.ActiveCfg = Release|Any CPU
		{348F859C-2741-44DE-D5D9-60B8C7AAC0CD}.Release|Any CPU.Build.0 = Release|Any CPU
	EndGlobalSection
	GlobalSection(SolutionProperties) = preSolution
		HideSolutionNode = FALSE
	EndGlobalSection
EndGlobal
